
Microsoft Visual Studio Solution File, Format Version 12.00
# Visual Studio Version 17
VisualStudioVersion = 17.2.32630.192
MinimumVisualStudioVersion = 10.0.40219.1
Project("{FAE04EC0-301F-11D3-BF4B-00C04F79EFBC}") = "P_SECU", "P_SECU\P_SECU.csproj", "{F71834B9-406B-4E5A-B7E6-CA31B46E2D53}"
EndProject
Global
	GlobalSection(SolutionConfigurationPlatforms) = preSolution
		Debug|Any CPU = Debug|Any CPU
		Release|Any CPU = Release|Any CPU
	EndGlobalSection
	GlobalSection(ProjectConfigurationPlatforms) = postSolution
		{F71834B9-406B-4E5A-B7E6-CA31B46E2D53}.Debug|Any CPU.ActiveCfg = Debug|Any CPU
		{F71834B9-406B-4E5A-B7E6-CA31B46E2D53}.Debug|Any CPU.Build.0 = Debug|Any CPU
		{F71834B9-406B-4E5A-B7E6-CA31B46E2D53}.Release|Any CPU.ActiveCfg = Release|Any CPU
		{F71834B9-406B-4E5A-B7E6-CA31B46E2D53}.Release|Any CPU.Build.0 = Release|Any CPU
	EndGlobalSection
	GlobalSection(SolutionProperties) = preSolution
		HideSolutionNode = FALSE
	EndGlobalSection
	GlobalSection(ExtensibilityGlobals) = postSolution
		SolutionGuid = {D5297366-9CC2-46CD-B3F0-CF6661C4C1CA}
	EndGlobalSection
EndGlobal
